// !$*UTF8*$!
{
	archiveVersion = 1;
	classes = {
	};
	objectVersion = 48;
	objects = {

/* Begin PBXBuildFile section */
		00C8D72D092A7EA55B1C3A96 /* Pods_Tumblr.framework in Frameworks */ = {isa = PBXBuildFile; fileRef = DD7C83F852D4351B57151C51 /* Pods_Tumblr.framework */; };
		97A1D8B320540E7A00DF7611 /* AppDelegate.swift in Sources */ = {isa = PBXBuildFile; fileRef = 97A1D8B220540E7A00DF7611 /* AppDelegate.swift */; };
		97A1D8BA20540E7A00DF7611 /* Assets.xcassets in Resources */ = {isa = PBXBuildFile; fileRef = 97A1D8B920540E7A00DF7611 /* Assets.xcassets */; };
		97A1D8CE2054812A00DF7611 /* WelcomeScreenViewController.swift in Sources */ = {isa = PBXBuildFile; fileRef = 97A1D8CD2054812A00DF7611 /* WelcomeScreenViewController.swift */; };
		97A1D8D02054817100DF7611 /* BaseViewModel.swift in Sources */ = {isa = PBXBuildFile; fileRef = 97A1D8CF2054817100DF7611 /* BaseViewModel.swift */; };
		97A1D8D22054817F00DF7611 /* BaseViewController.swift in Sources */ = {isa = PBXBuildFile; fileRef = 97A1D8D12054817E00DF7611 /* BaseViewController.swift */; };
		97A1D8D42054863F00DF7611 /* StyleKit.swift in Sources */ = {isa = PBXBuildFile; fileRef = 97A1D8D32054863F00DF7611 /* StyleKit.swift */; };
		97A1D8D72054874F00DF7611 /* WelcomeScreenViewModel.swift in Sources */ = {isa = PBXBuildFile; fileRef = 97A1D8D62054874F00DF7611 /* WelcomeScreenViewModel.swift */; };
		97A1D8D9205487F600DF7611 /* Localizable.strings in Resources */ = {isa = PBXBuildFile; fileRef = 97A1D8D8205487F600DF7611 /* Localizable.strings */; };
		97A1D8E62055295900DF7611 /* BaseResponse.swift in Sources */ = {isa = PBXBuildFile; fileRef = 97A1D8E12055295900DF7611 /* BaseResponse.swift */; };
		97A1D8E72055295900DF7611 /* UserPostsResponse.swift in Sources */ = {isa = PBXBuildFile; fileRef = 97A1D8E22055295900DF7611 /* UserPostsResponse.swift */; };
		97A1D8E82055295900DF7611 /* BaseRequest.swift in Sources */ = {isa = PBXBuildFile; fileRef = 97A1D8E42055295900DF7611 /* BaseRequest.swift */; };
		97A1D8E92055295900DF7611 /* UserPostsRequest.swift in Sources */ = {isa = PBXBuildFile; fileRef = 97A1D8E52055295900DF7611 /* UserPostsRequest.swift */; };
		97A1D8EC20552B5800DF7611 /* TumblrService.swift in Sources */ = {isa = PBXBuildFile; fileRef = 97A1D8EA20552B5800DF7611 /* TumblrService.swift */; };
		97A1D8ED20552B5800DF7611 /* BaseService.swift in Sources */ = {isa = PBXBuildFile; fileRef = 97A1D8EB20552B5800DF7611 /* BaseService.swift */; };
		97A1D8EE20552C0E00DF7611 /* RestClient.swift in Sources */ = {isa = PBXBuildFile; fileRef = 97A1D8DD2055282F00DF7611 /* RestClient.swift */; };
/* End PBXBuildFile section */

/* Begin PBXFileReference section */
		97A1D8AF20540E7A00DF7611 /* Tumblr.app */ = {isa = PBXFileReference; explicitFileType = wrapper.application; includeInIndex = 0; path = Tumblr.app; sourceTree = BUILT_PRODUCTS_DIR; };
		97A1D8B220540E7A00DF7611 /* AppDelegate.swift */ = {isa = PBXFileReference; lastKnownFileType = sourcecode.swift; path = AppDelegate.swift; sourceTree = "<group>"; };
		97A1D8B920540E7A00DF7611 /* Assets.xcassets */ = {isa = PBXFileReference; lastKnownFileType = folder.assetcatalog; path = Assets.xcassets; sourceTree = "<group>"; };
		97A1D8BE20540E7A00DF7611 /* Info.plist */ = {isa = PBXFileReference; lastKnownFileType = text.plist.xml; path = Info.plist; sourceTree = "<group>"; };
		97A1D8CD2054812A00DF7611 /* WelcomeScreenViewController.swift */ = {isa = PBXFileReference; lastKnownFileType = sourcecode.swift; path = WelcomeScreenViewController.swift; sourceTree = "<group>"; };
		97A1D8CF2054817100DF7611 /* BaseViewModel.swift */ = {isa = PBXFileReference; fileEncoding = 4; lastKnownFileType = sourcecode.swift; path = BaseViewModel.swift; sourceTree = "<group>"; };
		97A1D8D12054817E00DF7611 /* BaseViewController.swift */ = {isa = PBXFileReference; fileEncoding = 4; lastKnownFileType = sourcecode.swift; path = BaseViewController.swift; sourceTree = "<group>"; };
		97A1D8D32054863F00DF7611 /* StyleKit.swift */ = {isa = PBXFileReference; fileEncoding = 4; lastKnownFileType = sourcecode.swift; path = StyleKit.swift; sourceTree = "<group>"; };
		97A1D8D62054874F00DF7611 /* WelcomeScreenViewModel.swift */ = {isa = PBXFileReference; lastKnownFileType = sourcecode.swift; path = WelcomeScreenViewModel.swift; sourceTree = "<group>"; };
		97A1D8D8205487F600DF7611 /* Localizable.strings */ = {isa = PBXFileReference; lastKnownFileType = text.plist.strings; path = Localizable.strings; sourceTree = "<group>"; };
		97A1D8DD2055282F00DF7611 /* RestClient.swift */ = {isa = PBXFileReference; fileEncoding = 4; lastKnownFileType = sourcecode.swift; path = RestClient.swift; sourceTree = "<group>"; };
		97A1D8E12055295900DF7611 /* BaseResponse.swift */ = {isa = PBXFileReference; fileEncoding = 4; lastKnownFileType = sourcecode.swift; path = BaseResponse.swift; sourceTree = "<group>"; };
		97A1D8E22055295900DF7611 /* UserPostsResponse.swift */ = {isa = PBXFileReference; fileEncoding = 4; lastKnownFileType = sourcecode.swift; path = UserPostsResponse.swift; sourceTree = "<group>"; };
		97A1D8E42055295900DF7611 /* BaseRequest.swift */ = {isa = PBXFileReference; fileEncoding = 4; lastKnownFileType = sourcecode.swift; path = BaseRequest.swift; sourceTree = "<group>"; };
		97A1D8E52055295900DF7611 /* UserPostsRequest.swift */ = {isa = PBXFileReference; fileEncoding = 4; lastKnownFileType = sourcecode.swift; path = UserPostsRequest.swift; sourceTree = "<group>"; };
		97A1D8EA20552B5800DF7611 /* TumblrService.swift */ = {isa = PBXFileReference; fileEncoding = 4; lastKnownFileType = sourcecode.swift; path = TumblrService.swift; sourceTree = "<group>"; };
		97A1D8EB20552B5800DF7611 /* BaseService.swift */ = {isa = PBXFileReference; fileEncoding = 4; lastKnownFileType = sourcecode.swift; path = BaseService.swift; sourceTree = "<group>"; };
		DD7C83F852D4351B57151C51 /* Pods_Tumblr.framework */ = {isa = PBXFileReference; explicitFileType = wrapper.framework; includeInIndex = 0; path = Pods_Tumblr.framework; sourceTree = BUILT_PRODUCTS_DIR; };
		E2632809C6D43CAA232D8ABC /* Pods-Tumblr.release.xcconfig */ = {isa = PBXFileReference; includeInIndex = 1; lastKnownFileType = text.xcconfig; name = "Pods-Tumblr.release.xcconfig"; path = "Pods/Target Support Files/Pods-Tumblr/Pods-Tumblr.release.xcconfig"; sourceTree = "<group>"; };
		EFBF09F7340F1CDC8199FAC8 /* Pods-Tumblr.debug.xcconfig */ = {isa = PBXFileReference; includeInIndex = 1; lastKnownFileType = text.xcconfig; name = "Pods-Tumblr.debug.xcconfig"; path = "Pods/Target Support Files/Pods-Tumblr/Pods-Tumblr.debug.xcconfig"; sourceTree = "<group>"; };
/* End PBXFileReference section */

/* Begin PBXFrameworksBuildPhase section */
		97A1D8AC20540E7A00DF7611 /* Frameworks */ = {
			isa = PBXFrameworksBuildPhase;
			buildActionMask = 2147483647;
			files = (
				00C8D72D092A7EA55B1C3A96 /* Pods_Tumblr.framework in Frameworks */,
			);
			runOnlyForDeploymentPostprocessing = 0;
		};
/* End PBXFrameworksBuildPhase section */

/* Begin PBXGroup section */
		97A1D8A620540E7A00DF7611 = {
			isa = PBXGroup;
			children = (
				97A1D8B120540E7A00DF7611 /* Tumblr */,
				97A1D8B020540E7A00DF7611 /* Products */,
				B9073F3CE965FD54CBBFB769 /* Pods */,
				E7BAB643B7EF182FB3AC51D1 /* Frameworks */,
			);
			sourceTree = "<group>";
		};
		97A1D8B020540E7A00DF7611 /* Products */ = {
			isa = PBXGroup;
			children = (
				97A1D8AF20540E7A00DF7611 /* Tumblr.app */,
			);
			name = Products;
			sourceTree = "<group>";
		};
		97A1D8B120540E7A00DF7611 /* Tumblr */ = {
			isa = PBXGroup;
			children = (
				97A1D8C420540E8E00DF7611 /* Helpers */,
				97A1D8C520540E9400DF7611 /* Models */,
				97A1D8C620540E9D00DF7611 /* Networking */,
				97A1D8C720540EAB00DF7611 /* Services */,
				97A1D8C820540EB500DF7611 /* Views */,
				97A1D8C920540EBD00DF7611 /* ViewModels */,
				97A1D8CA20540EC400DF7611 /* ViewControllers */,
				97A1D8CB20540ED100DF7611 /* Resources */,
				97A1D8BE20540E7A00DF7611 /* Info.plist */,
			);
			path = Tumblr;
			sourceTree = "<group>";
		};
		97A1D8C420540E8E00DF7611 /* Helpers */ = {
			isa = PBXGroup;
			children = (
				97A1D8D32054863F00DF7611 /* StyleKit.swift */,
				97A1D8D8205487F600DF7611 /* Localizable.strings */,
			);
			path = Helpers;
			sourceTree = "<group>";
		};
		97A1D8C520540E9400DF7611 /* Models */ = {
			isa = PBXGroup;
			children = (
				97A1D8DF2055291000DF7611 /* Networking */,
			);
			path = Models;
			sourceTree = "<group>";
		};
		97A1D8C620540E9D00DF7611 /* Networking */ = {
			isa = PBXGroup;
			children = (
				97A1D8DD2055282F00DF7611 /* RestClient.swift */,
			);
			path = Networking;
			sourceTree = "<group>";
		};
		97A1D8C720540EAB00DF7611 /* Services */ = {
			isa = PBXGroup;
			children = (
				97A1D8EB20552B5800DF7611 /* BaseService.swift */,
				97A1D8EA20552B5800DF7611 /* TumblrService.swift */,
			);
			path = Services;
			sourceTree = "<group>";
		};
		97A1D8C820540EB500DF7611 /* Views */ = {
			isa = PBXGroup;
			children = (
			);
			path = Views;
			sourceTree = "<group>";
		};
		97A1D8C920540EBD00DF7611 /* ViewModels */ = {
			isa = PBXGroup;
			children = (
				97A1D8D52054873D00DF7611 /* WelcomeScreen */,
				97A1D8CF2054817100DF7611 /* BaseViewModel.swift */,
			);
			path = ViewModels;
			sourceTree = "<group>";
		};
		97A1D8CA20540EC400DF7611 /* ViewControllers */ = {
			isa = PBXGroup;
			children = (
				97A1D8CC2054811800DF7611 /* WelcomeScreen */,
				97A1D8D12054817E00DF7611 /* BaseViewController.swift */,
			);
			path = ViewControllers;
			sourceTree = "<group>";
		};
		97A1D8CB20540ED100DF7611 /* Resources */ = {
			isa = PBXGroup;
			children = (
				97A1D8B220540E7A00DF7611 /* AppDelegate.swift */,
				97A1D8B920540E7A00DF7611 /* Assets.xcassets */,
			);
			path = Resources;
			sourceTree = "<group>";
		};
		97A1D8CC2054811800DF7611 /* WelcomeScreen */ = {
			isa = PBXGroup;
			children = (
				97A1D8CD2054812A00DF7611 /* WelcomeScreenViewController.swift */,
			);
			path = WelcomeScreen;
			sourceTree = "<group>";
		};
		97A1D8D52054873D00DF7611 /* WelcomeScreen */ = {
			isa = PBXGroup;
			children = (
				97A1D8D62054874F00DF7611 /* WelcomeScreenViewModel.swift */,
			);
			path = WelcomeScreen;
			sourceTree = "<group>";
		};
		97A1D8DF2055291000DF7611 /* Networking */ = {
			isa = PBXGroup;
			children = (
				97A1D8E32055295900DF7611 /* Requests */,
				97A1D8E02055295900DF7611 /* Responses */,
			);
			path = Networking;
			sourceTree = "<group>";
		};
		97A1D8E02055295900DF7611 /* Responses */ = {
			isa = PBXGroup;
			children = (
				97A1D8E12055295900DF7611 /* BaseResponse.swift */,
				97A1D8E22055295900DF7611 /* UserPostsResponse.swift */,
			);
			path = Responses;
			sourceTree = "<group>";
		};
		97A1D8E32055295900DF7611 /* Requests */ = {
			isa = PBXGroup;
			children = (
				97A1D8E42055295900DF7611 /* BaseRequest.swift */,
				97A1D8E52055295900DF7611 /* UserPostsRequest.swift */,
			);
			path = Requests;
			sourceTree = "<group>";
		};
		B9073F3CE965FD54CBBFB769 /* Pods */ = {
			isa = PBXGroup;
			children = (
				EFBF09F7340F1CDC8199FAC8 /* Pods-Tumblr.debug.xcconfig */,
				E2632809C6D43CAA232D8ABC /* Pods-Tumblr.release.xcconfig */,
			);
			name = Pods;
			sourceTree = "<group>";
		};
		E7BAB643B7EF182FB3AC51D1 /* Frameworks */ = {
			isa = PBXGroup;
			children = (
				DD7C83F852D4351B57151C51 /* Pods_Tumblr.framework */,
			);
			name = Frameworks;
			sourceTree = "<group>";
		};
/* End PBXGroup section */

/* Begin PBXNativeTarget section */
		97A1D8AE20540E7A00DF7611 /* Tumblr */ = {
			isa = PBXNativeTarget;
			buildConfigurationList = 97A1D8C120540E7A00DF7611 /* Build configuration list for PBXNativeTarget "Tumblr" */;
			buildPhases = (
				6F51165B7CF4C36CBBFF5FDC /* [CP] Check Pods Manifest.lock */,
				97A1D8AB20540E7A00DF7611 /* Sources */,
				97A1D8AC20540E7A00DF7611 /* Frameworks */,
				97A1D8AD20540E7A00DF7611 /* Resources */,
				4611CC458B66EE54CB74974E /* [CP] Embed Pods Frameworks */,
				EEE1E8F95CA510094E85DD88 /* [CP] Copy Pods Resources */,
			);
			buildRules = (
			);
			dependencies = (
			);
			name = Tumblr;
			productName = Tumblr;
			productReference = 97A1D8AF20540E7A00DF7611 /* Tumblr.app */;
			productType = "com.apple.product-type.application";
		};
/* End PBXNativeTarget section */

/* Begin PBXProject section */
		97A1D8A720540E7A00DF7611 /* Project object */ = {
			isa = PBXProject;
			attributes = {
				LastSwiftUpdateCheck = 0920;
				LastUpgradeCheck = 0920;
				ORGANIZATIONNAME = pkuzia;
				TargetAttributes = {
					97A1D8AE20540E7A00DF7611 = {
						CreatedOnToolsVersion = 9.2;
						ProvisioningStyle = Automatic;
					};
				};
			};
			buildConfigurationList = 97A1D8AA20540E7A00DF7611 /* Build configuration list for PBXProject "Tumblr" */;
			compatibilityVersion = "Xcode 8.0";
			developmentRegion = en;
			hasScannedForEncodings = 0;
			knownRegions = (
				en,
				Base,
			);
			mainGroup = 97A1D8A620540E7A00DF7611;
			productRefGroup = 97A1D8B020540E7A00DF7611 /* Products */;
			projectDirPath = "";
			projectRoot = "";
			targets = (
				97A1D8AE20540E7A00DF7611 /* Tumblr */,
			);
		};
/* End PBXProject section */

/* Begin PBXResourcesBuildPhase section */
		97A1D8AD20540E7A00DF7611 /* Resources */ = {
			isa = PBXResourcesBuildPhase;
			buildActionMask = 2147483647;
			files = (
				97A1D8BA20540E7A00DF7611 /* Assets.xcassets in Resources */,
				97A1D8D9205487F600DF7611 /* Localizable.strings in Resources */,
			);
			runOnlyForDeploymentPostprocessing = 0;
		};
/* End PBXResourcesBuildPhase section */

/* Begin PBXShellScriptBuildPhase section */
		4611CC458B66EE54CB74974E /* [CP] Embed Pods Frameworks */ = {
			isa = PBXShellScriptBuildPhase;
			buildActionMask = 2147483647;
			files = (
			);
			inputPaths = (
			);
			name = "[CP] Embed Pods Frameworks";
			outputPaths = (
			);
			runOnlyForDeploymentPostprocessing = 0;
			shellPath = /bin/sh;
			shellScript = "\"${SRCROOT}/Pods/Target Support Files/Pods-Tumblr/Pods-Tumblr-frameworks.sh\"\n";
			showEnvVarsInLog = 0;
		};
		6F51165B7CF4C36CBBFF5FDC /* [CP] Check Pods Manifest.lock */ = {
			isa = PBXShellScriptBuildPhase;
			buildActionMask = 2147483647;
			files = (
			);
			inputPaths = (
			);
			name = "[CP] Check Pods Manifest.lock";
			outputPaths = (
			);
			runOnlyForDeploymentPostprocessing = 0;
			shellPath = /bin/sh;
			shellScript = "diff \"${PODS_ROOT}/../Podfile.lock\" \"${PODS_ROOT}/Manifest.lock\" > /dev/null\nif [ $? != 0 ] ; then\n    # print error to STDERR\n    echo \"error: The sandbox is not in sync with the Podfile.lock. Run 'pod install' or update your CocoaPods installation.\" >&2\n    exit 1\nfi\n";
			showEnvVarsInLog = 0;
		};
		EEE1E8F95CA510094E85DD88 /* [CP] Copy Pods Resources */ = {
			isa = PBXShellScriptBuildPhase;
			buildActionMask = 2147483647;
			files = (
			);
			inputPaths = (
			);
			name = "[CP] Copy Pods Resources";
			outputPaths = (
			);
			runOnlyForDeploymentPostprocessing = 0;
			shellPath = /bin/sh;
			shellScript = "\"${SRCROOT}/Pods/Target Support Files/Pods-Tumblr/Pods-Tumblr-resources.sh\"\n";
			showEnvVarsInLog = 0;
		};
/* End PBXShellScriptBuildPhase section */

/* Begin PBXSourcesBuildPhase section */
		97A1D8AB20540E7A00DF7611 /* Sources */ = {
			isa = PBXSourcesBuildPhase;
			buildActionMask = 2147483647;
			files = (
				97A1D8E82055295900DF7611 /* BaseRequest.swift in Sources */,
				97A1D8D22054817F00DF7611 /* BaseViewController.swift in Sources */,
				97A1D8CE2054812A00DF7611 /* WelcomeScreenViewController.swift in Sources */,
				97A1D8D02054817100DF7611 /* BaseViewModel.swift in Sources */,
				97A1D8D42054863F00DF7611 /* StyleKit.swift in Sources */,
				97A1D8E92055295900DF7611 /* UserPostsRequest.swift in Sources */,
				97A1D8E72055295900DF7611 /* UserPostsResponse.swift in Sources */,
				97A1D8EE20552C0E00DF7611 /* RestClient.swift in Sources */,
				97A1D8ED20552B5800DF7611 /* BaseService.swift in Sources */,
				97A1D8EC20552B5800DF7611 /* TumblrService.swift in Sources */,
				97A1D8B320540E7A00DF7611 /* AppDelegate.swift in Sources */,
				97A1D8D72054874F00DF7611 /* WelcomeScreenViewModel.swift in Sources */,
				97A1D8E62055295900DF7611 /* BaseResponse.swift in Sources */,
			);
			runOnlyForDeploymentPostprocessing = 0;
		};
/* End PBXSourcesBuildPhase section */

/* Begin XCBuildConfiguration section */
		97A1D8BF20540E7A00DF7611 /* Debug */ = {
			isa = XCBuildConfiguration;
			buildSettings = {
				ALWAYS_SEARCH_USER_PATHS = NO;
				CLANG_ANALYZER_NONNULL = YES;
				CLANG_ANALYZER_NUMBER_OBJECT_CONVERSION = YES_AGGRESSIVE;
				CLANG_CXX_LANGUAGE_STANDARD = "gnu++14";
				CLANG_CXX_LIBRARY = "libc++";
				CLANG_ENABLE_MODULES = YES;
				CLANG_ENABLE_OBJC_ARC = YES;
				CLANG_WARN_BLOCK_CAPTURE_AUTORELEASING = YES;
				CLANG_WARN_BOOL_CONVERSION = YES;
				CLANG_WARN_COMMA = YES;
				CLANG_WARN_CONSTANT_CONVERSION = YES;
				CLANG_WARN_DIRECT_OBJC_ISA_USAGE = YES_ERROR;
				CLANG_WARN_DOCUMENTATION_COMMENTS = YES;
				CLANG_WARN_EMPTY_BODY = YES;
				CLANG_WARN_ENUM_CONVERSION = YES;
				CLANG_WARN_INFINITE_RECURSION = YES;
				CLANG_WARN_INT_CONVERSION = YES;
				CLANG_WARN_NON_LITERAL_NULL_CONVERSION = YES;
				CLANG_WARN_OBJC_LITERAL_CONVERSION = YES;
				CLANG_WARN_OBJC_ROOT_CLASS = YES_ERROR;
				CLANG_WARN_RANGE_LOOP_ANALYSIS = YES;
				CLANG_WARN_STRICT_PROTOTYPES = YES;
				CLANG_WARN_SUSPICIOUS_MOVE = YES;
				CLANG_WARN_UNGUARDED_AVAILABILITY = YES_AGGRESSIVE;
				CLANG_WARN_UNREACHABLE_CODE = YES;
				CLANG_WARN__DUPLICATE_METHOD_MATCH = YES;
				CODE_SIGN_IDENTITY = "iPhone Developer";
				COPY_PHASE_STRIP = NO;
				DEBUG_INFORMATION_FORMAT = dwarf;
				ENABLE_STRICT_OBJC_MSGSEND = YES;
				ENABLE_TESTABILITY = YES;
				GCC_C_LANGUAGE_STANDARD = gnu11;
				GCC_DYNAMIC_NO_PIC = NO;
				GCC_NO_COMMON_BLOCKS = YES;
				GCC_OPTIMIZATION_LEVEL = 0;
				GCC_PREPROCESSOR_DEFINITIONS = (
					"DEBUG=1",
					"$(inherited)",
				);
				GCC_WARN_64_TO_32_BIT_CONVERSION = YES;
				GCC_WARN_ABOUT_RETURN_TYPE = YES_ERROR;
				GCC_WARN_UNDECLARED_SELECTOR = YES;
				GCC_WARN_UNINITIALIZED_AUTOS = YES_AGGRESSIVE;
				GCC_WARN_UNUSED_FUNCTION = YES;
				GCC_WARN_UNUSED_VARIABLE = YES;
				IPHONEOS_DEPLOYMENT_TARGET = 11.2;
				MTL_ENABLE_DEBUG_INFO = YES;
				ONLY_ACTIVE_ARCH = YES;
				SDKROOT = iphoneos;
				SWIFT_ACTIVE_COMPILATION_CONDITIONS = DEBUG;
				SWIFT_OPTIMIZATION_LEVEL = "-Onone";
			};
			name = Debug;
		};
		97A1D8C020540E7A00DF7611 /* Release */ = {
			isa = XCBuildConfiguration;
			buildSettings = {
				ALWAYS_SEARCH_USER_PATHS = NO;
				CLANG_ANALYZER_NONNULL = YES;
				CLANG_ANALYZER_NUMBER_OBJECT_CONVERSION = YES_AGGRESSIVE;
				CLANG_CXX_LANGUAGE_STANDARD = "gnu++14";
				CLANG_CXX_LIBRARY = "libc++";
				CLANG_ENABLE_MODULES = YES;
				CLANG_ENABLE_OBJC_ARC = YES;
				CLANG_WARN_BLOCK_CAPTURE_AUTORELEASING = YES;
				CLANG_WARN_BOOL_CONVERSION = YES;
				CLANG_WARN_COMMA = YES;
				CLANG_WARN_CONSTANT_CONVERSION = YES;
				CLANG_WARN_DIRECT_OBJC_ISA_USAGE = YES_ERROR;
				CLANG_WARN_DOCUMENTATION_COMMENTS = YES;
				CLANG_WARN_EMPTY_BODY = YES;
				CLANG_WARN_ENUM_CONVERSION = YES;
				CLANG_WARN_INFINITE_RECURSION = YES;
				CLANG_WARN_INT_CONVERSION = YES;
				CLANG_WARN_NON_LITERAL_NULL_CONVERSION = YES;
				CLANG_WARN_OBJC_LITERAL_CONVERSION = YES;
				CLANG_WARN_OBJC_ROOT_CLASS = YES_ERROR;
				CLANG_WARN_RANGE_LOOP_ANALYSIS = YES;
				CLANG_WARN_STRICT_PROTOTYPES = YES;
				CLANG_WARN_SUSPICIOUS_MOVE = YES;
				CLANG_WARN_UNGUARDED_AVAILABILITY = YES_AGGRESSIVE;
				CLANG_WARN_UNREACHABLE_CODE = YES;
				CLANG_WARN__DUPLICATE_METHOD_MATCH = YES;
				CODE_SIGN_IDENTITY = "iPhone Developer";
				COPY_PHASE_STRIP = NO;
				DEBUG_INFORMATION_FORMAT = "dwarf-with-dsym";
				ENABLE_NS_ASSERTIONS = NO;
				ENABLE_STRICT_OBJC_MSGSEND = YES;
				GCC_C_LANGUAGE_STANDARD = gnu11;
				GCC_NO_COMMON_BLOCKS = YES;
				GCC_WARN_64_TO_32_BIT_CONVERSION = YES;
				GCC_WARN_ABOUT_RETURN_TYPE = YES_ERROR;
				GCC_WARN_UNDECLARED_SELECTOR = YES;
				GCC_WARN_UNINITIALIZED_AUTOS = YES_AGGRESSIVE;
				GCC_WARN_UNUSED_FUNCTION = YES;
				GCC_WARN_UNUSED_VARIABLE = YES;
				IPHONEOS_DEPLOYMENT_TARGET = 11.2;
				MTL_ENABLE_DEBUG_INFO = NO;
				SDKROOT = iphoneos;
				SWIFT_OPTIMIZATION_LEVEL = "-Owholemodule";
				VALIDATE_PRODUCT = YES;
			};
			name = Release;
		};
		97A1D8C220540E7A00DF7611 /* Debug */ = {
			isa = XCBuildConfiguration;
			baseConfigurationReference = EFBF09F7340F1CDC8199FAC8 /* Pods-Tumblr.debug.xcconfig */;
			buildSettings = {
				ASSETCATALOG_COMPILER_APPICON_NAME = AppIcon;
				CODE_SIGN_STYLE = Automatic;
				DEVELOPMENT_TEAM = ATFEU26LMZ;
				INFOPLIST_FILE = Tumblr/Info.plist;
				LD_RUNPATH_SEARCH_PATHS = "$(inherited) @executable_path/Frameworks";
				PRODUCT_BUNDLE_IDENTIFIER = pl.pkuzia.Tumblr;
				PRODUCT_NAME = "$(TARGET_NAME)";
				SWIFT_VERSION = 4.0;
				TARGETED_DEVICE_FAMILY = "1,2";
			};
			name = Debug;
		};
		97A1D8C320540E7A00DF7611 /* Release */ = {
			isa = XCBuildConfiguration;
			baseConfigurationReference = E2632809C6D43CAA232D8ABC /* Pods-Tumblr.release.xcconfig */;
			buildSettings = {
				ASSETCATALOG_COMPILER_APPICON_NAME = AppIcon;
				CODE_SIGN_STYLE = Automatic;
				DEVELOPMENT_TEAM = ATFEU26LMZ;
				INFOPLIST_FILE = Tumblr/Info.plist;
				LD_RUNPATH_SEARCH_PATHS = "$(inherited) @executable_path/Frameworks";
				PRODUCT_BUNDLE_IDENTIFIER = pl.pkuzia.Tumblr;
				PRODUCT_NAME = "$(TARGET_NAME)";
				SWIFT_VERSION = 4.0;
				TARGETED_DEVICE_FAMILY = "1,2";
			};
			name = Release;
		};
/* End XCBuildConfiguration section */

/* Begin XCConfigurationList section */
		97A1D8AA20540E7A00DF7611 /* Build configuration list for PBXProject "Tumblr" */ = {
			isa = XCConfigurationList;
			buildConfigurations = (
				97A1D8BF20540E7A00DF7611 /* Debug */,
				97A1D8C020540E7A00DF7611 /* Release */,
			);
			defaultConfigurationIsVisible = 0;
			defaultConfigurationName = Release;
		};
		97A1D8C120540E7A00DF7611 /* Build configuration list for PBXNativeTarget "Tumblr" */ = {
			isa = XCConfigurationList;
			buildConfigurations = (
				97A1D8C220540E7A00DF7611 /* Debug */,
				97A1D8C320540E7A00DF7611 /* Release */,
			);
			defaultConfigurationIsVisible = 0;
			defaultConfigurationName = Release;
		};
/* End XCConfigurationList section */
	};
	rootObject = 97A1D8A720540E7A00DF7611 /* Project object */;
}
